github.com/reuixiy/hugo-theme-meme v5.0.0+incompatible h1:S/aBbLHQTcsLXQrh0xf/vUN1gdsgApFE74JZBtVfZtY=
github.com/reuixiy/hugo-theme-meme v5.0.0+incompatible/go.mod h1:t+xPvEmNNin6n1dGhQagjz1hCUIAgxGobMvbQfICAW4=
gitlab.com/gabmus/hugo-ficurinia v0.0.0-20230422160211-4395cd9b6921 h1:XSkYvBEpSlUcsVhp78njzPgbNEAYCU/GOhb9xERGA3U=
gitlab.com/gabmus/hugo-ficurinia v0.0.0-20230422160211-4395cd9b6921/go.mod h1:nmsV9/x7nn3bvahS0FgLujjD8VV0PDaAHJxrgq+dACM=
